
Microsoft Visual Studio Solution File, Format Version 12.00
# Visual Studio Version 17
VisualStudioVersion = 17.8.34408.163
MinimumVisualStudioVersion = 10.0.40219.1
Project("{FAE04EC0-301F-11D3-BF4B-00C04F79EFBC}") = "MainApp", "MainApp\MainApp.csproj", "{4DC06FE4-D533-4B55-BF6D-79397FF1E504}"
EndProject
Global
	GlobalSection(SolutionConfigurationPlatforms) = preSolution
		Debug|Any CPU = Debug|Any CPU
		Release|Any CPU = Release|Any CPU
	EndGlobalSection
	GlobalSection(ProjectConfigurationPlatforms) = postSolution
		{4DC06FE4-D533-4B55-BF6D-79397FF1E504}.Debug|Any CPU.ActiveCfg = Debug|Any CPU
		{4DC06FE4-D533-4B55-BF6D-79397FF1E504}.Debug|Any CPU.Build.0 = Debug|Any CPU
		{4DC06FE4-D533-4B55-BF6D-79397FF1E504}.Release|Any CPU.ActiveCfg = Release|Any CPU
		{4DC06FE4-D533-4B55-BF6D-79397FF1E504}.Release|Any CPU.Build.0 = Release|Any CPU
	EndGlobalSection
	GlobalSection(SolutionProperties) = preSolution
		HideSolutionNode = FALSE
	EndGlobalSection
	GlobalSection(ExtensibilityGlobals) = postSolution
		SolutionGuid = {08660F5C-D094-48C1-9582-DC1FD5256B85}
	EndGlobalSection
EndGlobal
